
Microsoft Visual Studio Solution File, Format Version 12.00
# Visual Studio Version 16
VisualStudioVersion = 16.0.32126.315
MinimumVisualStudioVersion = 10.0.40219.1
Project("{FAE04EC0-301F-11D3-BF4B-00C04F79EFBC}") = "Task_Management.API", "Task_Management.API\Task_Management.API.csproj", "{2685BC7C-168A-4417-AB43-3A9414DE4409}"
EndProject
Project("{FAE04EC0-301F-11D3-BF4B-00C04F79EFBC}") = "Task_Management.Data", "Task_Management.Data\Task_Management.Data.csproj", "{30D193EB-09DA-4815-A168-C358AC06807D}"
EndProject
Project("{FAE04EC0-301F-11D3-BF4B-00C04F79EFBC}") = "Task_Management.Repository", "Task_Management.Repository\Task_Management.Repository.csproj", "{9C86A25E-279F-412B-9DED-94831EF00918}"
EndProject
Global
	GlobalSection(SolutionConfigurationPlatforms) = preSolution
		Debug|Any CPU = Debug|Any CPU
		Release|Any CPU = Release|Any CPU
	EndGlobalSection
	GlobalSection(ProjectConfigurationPlatforms) = postSolution
		{2685BC7C-168A-4417-AB43-3A9414DE4409}.Debug|Any CPU.ActiveCfg = Debug|Any CPU
		{2685BC7C-168A-4417-AB43-3A9414DE4409}.Debug|Any CPU.Build.0 = Debug|Any CPU
		{2685BC7C-168A-4417-AB43-3A9414DE4409}.Release|Any CPU.ActiveCfg = Release|Any CPU
		{2685BC7C-168A-4417-AB43-3A9414DE4409}.Release|Any CPU.Build.0 = Release|Any CPU
		{30D193EB-09DA-4815-A168-C358AC06807D}.Debug|Any CPU.ActiveCfg = Debug|Any CPU
		{30D193EB-09DA-4815-A168-C358AC06807D}.Debug|Any CPU.Build.0 = Debug|Any CPU
		{30D193EB-09DA-4815-A168-C358AC06807D}.Release|Any CPU.ActiveCfg = Release|Any CPU
		{30D193EB-09DA-4815-A168-C358AC06807D}.Release|Any CPU.Build.0 = Release|Any CPU
		{9C86A25E-279F-412B-9DED-94831EF00918}.Debug|Any CPU.ActiveCfg = Debug|Any CPU
		{9C86A25E-279F-412B-9DED-94831EF00918}.Debug|Any CPU.Build.0 = Debug|Any CPU
		{9C86A25E-279F-412B-9DED-94831EF00918}.Release|Any CPU.ActiveCfg = Release|Any CPU
		{9C86A25E-279F-412B-9DED-94831EF00918}.Release|Any CPU.Build.0 = Release|Any CPU
	EndGlobalSection
	GlobalSection(SolutionProperties) = preSolution
		HideSolutionNode = FALSE
	EndGlobalSection
	GlobalSection(ExtensibilityGlobals) = postSolution
		SolutionGuid = {291531EF-66E4-4497-BBA6-DB23D6E915F9}
	EndGlobalSection
EndGlobal
